// !$*UTF8*$!
{
	archiveVersion = 1;
	classes = {
	};
	objectVersion = 46;
	objects = {

/* Begin PBXBuildFile section */
		A821CD3C1B0AF4970053556E /* AppDelegate.swift in Sources */ = {isa = PBXBuildFile; fileRef = A821CD3B1B0AF4970053556E /* AppDelegate.swift */; };
		A821CD3E1B0AF4970053556E /* ViewController.swift in Sources */ = {isa = PBXBuildFile; fileRef = A821CD3D1B0AF4970053556E /* ViewController.swift */; };
		A821CD411B0AF4970053556E /* Main.storyboard in Resources */ = {isa = PBXBuildFile; fileRef = A821CD3F1B0AF4970053556E /* Main.storyboard */; };
		A821CD431B0AF4970053556E /* Images.xcassets in Resources */ = {isa = PBXBuildFile; fileRef = A821CD421B0AF4970053556E /* Images.xcassets */; };
		A821CD461B0AF4970053556E /* LaunchScreen.xib in Resources */ = {isa = PBXBuildFile; fileRef = A821CD441B0AF4970053556E /* LaunchScreen.xib */; };
		A821CD521B0AF4970053556E /* GameStatsTests.swift in Sources */ = {isa = PBXBuildFile; fileRef = A821CD511B0AF4970053556E /* GameStatsTests.swift */; };
		A821CD5D1B0B0BD90053556E /* Clippers.jpg in Resources */ = {isa = PBXBuildFile; fileRef = A821CD5B1B0B0BD90053556E /* Clippers.jpg */; };
		A821CD5E1B0B0BD90053556E /* Lakers.jpg in Resources */ = {isa = PBXBuildFile; fileRef = A821CD5C1B0B0BD90053556E /* Lakers.jpg */; };
		A8D705D81B12FC9F00F4E471 /* Bucks.jpg in Resources */ = {isa = PBXBuildFile; fileRef = A8D705BD1B12FC9F00F4E471 /* Bucks.jpg */; };
		A8D705D91B12FC9F00F4E471 /* Bulls.jpg in Resources */ = {isa = PBXBuildFile; fileRef = A8D705BE1B12FC9F00F4E471 /* Bulls.jpg */; };
		A8D705DA1B12FC9F00F4E471 /* Cavaliers.jpg in Resources */ = {isa = PBXBuildFile; fileRef = A8D705BF1B12FC9F00F4E471 /* Cavaliers.jpg */; };
		A8D705DB1B12FC9F00F4E471 /* Celtics.jpg in Resources */ = {isa = PBXBuildFile; fileRef = A8D705C01B12FC9F00F4E471 /* Celtics.jpg */; };
		A8D705DC1B12FC9F00F4E471 /* Grizzlies.jpg in Resources */ = {isa = PBXBuildFile; fileRef = A8D705C11B12FC9F00F4E471 /* Grizzlies.jpg */; };
		A8D705DD1B12FC9F00F4E471 /* Hawks.jpg in Resources */ = {isa = PBXBuildFile; fileRef = A8D705C21B12FC9F00F4E471 /* Hawks.jpg */; };
		A8D705DE1B12FC9F00F4E471 /* Heat.jpg in Resources */ = {isa = PBXBuildFile; fileRef = A8D705C31B12FC9F00F4E471 /* Heat.jpg */; };
		A8D705DF1B12FC9F00F4E471 /* Hornets.jpg in Resources */ = {isa = PBXBuildFile; fileRef = A8D705C41B12FC9F00F4E471 /* Hornets.jpg */; };
		A8D705E01B12FC9F00F4E471 /* Jazz.jpg in Resources */ = {isa = PBXBuildFile; fileRef = A8D705C51B12FC9F00F4E471 /* Jazz.jpg */; };
		A8D705E11B12FC9F00F4E471 /* Kings.jpg in Resources */ = {isa = PBXBuildFile; fileRef = A8D705C61B12FC9F00F4E471 /* Kings.jpg */; };
		A8D705E21B12FC9F00F4E471 /* Knicks.jpg in Resources */ = {isa = PBXBuildFile; fileRef = A8D705C71B12FC9F00F4E471 /* Knicks.jpg */; };
		A8D705E31B12FC9F00F4E471 /* Magic.jpg in Resources */ = {isa = PBXBuildFile; fileRef = A8D705C81B12FC9F00F4E471 /* Magic.jpg */; };
		A8D705E41B12FC9F00F4E471 /* Mavericks.jpg in Resources */ = {isa = PBXBuildFile; fileRef = A8D705C91B12FC9F00F4E471 /* Mavericks.jpg */; };
		A8D705E51B12FC9F00F4E471 /* Nets.jpg in Resources */ = {isa = PBXBuildFile; fileRef = A8D705CA1B12FC9F00F4E471 /* Nets.jpg */; };
		A8D705E61B12FC9F00F4E471 /* Nuggets.jpg in Resources */ = {isa = PBXBuildFile; fileRef = A8D705CB1B12FC9F00F4E471 /* Nuggets.jpg */; };
		A8D705E71B12FC9F00F4E471 /* Pacers.jpg in Resources */ = {isa = PBXBuildFile; fileRef = A8D705CC1B12FC9F00F4E471 /* Pacers.jpg */; };
		A8D705E81B12FC9F00F4E471 /* Pelicans.jpg in Resources */ = {isa = PBXBuildFile; fileRef = A8D705CD1B12FC9F00F4E471 /* Pelicans.jpg */; };
		A8D705E91B12FC9F00F4E471 /* Pistons.jpg in Resources */ = {isa = PBXBuildFile; fileRef = A8D705CE1B12FC9F00F4E471 /* Pistons.jpg */; };
		A8D705EA1B12FC9F00F4E471 /* Raptors.jpg in Resources */ = {isa = PBXBuildFile; fileRef = A8D705CF1B12FC9F00F4E471 /* Raptors.jpg */; };
		A8D705EB1B12FC9F00F4E471 /* Rockets.jpg in Resources */ = {isa = PBXBuildFile; fileRef = A8D705D01B12FC9F00F4E471 /* Rockets.jpg */; };
		A8D705EC1B12FC9F00F4E471 /* Spurs.jpg in Resources */ = {isa = PBXBuildFile; fileRef = A8D705D11B12FC9F00F4E471 /* Spurs.jpg */; };
		A8D705ED1B12FC9F00F4E471 /* Suns.jpg in Resources */ = {isa = PBXBuildFile; fileRef = A8D705D21B12FC9F00F4E471 /* Suns.jpg */; };
		A8D705EE1B12FC9F00F4E471 /* Thunder.jpg in Resources */ = {isa = PBXBuildFile; fileRef = A8D705D31B12FC9F00F4E471 /* Thunder.jpg */; };
		A8D705EF1B12FC9F00F4E471 /* Timberwolves.jpg in Resources */ = {isa = PBXBuildFile; fileRef = A8D705D41B12FC9F00F4E471 /* Timberwolves.jpg */; };
		A8D705F01B12FC9F00F4E471 /* TrailBlazers.jpg in Resources */ = {isa = PBXBuildFile; fileRef = A8D705D51B12FC9F00F4E471 /* TrailBlazers.jpg */; };
		A8D705F11B12FC9F00F4E471 /* Warriors.jpg in Resources */ = {isa = PBXBuildFile; fileRef = A8D705D61B12FC9F00F4E471 /* Warriors.jpg */; };
		A8D705F21B12FC9F00F4E471 /* Wizards.jpg in Resources */ = {isa = PBXBuildFile; fileRef = A8D705D71B12FC9F00F4E471 /* Wizards.jpg */; };
		A8D705F41B12FCBC00F4E471 /* 76ers.jpg in Resources */ = {isa = PBXBuildFile; fileRef = A8D705F31B12FCBC00F4E471 /* 76ers.jpg */; };
		A8D705F71B137B5800F4E471 /* GameStatsView.swift in Sources */ = {isa = PBXBuildFile; fileRef = A8D705F61B137B5800F4E471 /* GameStatsView.swift */; };
		A8DC4F8C1B183FA100041484 /* CustomCell.swift in Sources */ = {isa = PBXBuildFile; fileRef = A8DC4F8B1B183FA100041484 /* CustomCell.swift */; };
/* End PBXBuildFile section */

/* Begin PBXContainerItemProxy section */
		A821CD4C1B0AF4970053556E /* PBXContainerItemProxy */ = {
			isa = PBXContainerItemProxy;
			containerPortal = A821CD2E1B0AF4960053556E /* Project object */;
			proxyType = 1;
			remoteGlobalIDString = A821CD351B0AF4960053556E;
			remoteInfo = GameStats;
		};
/* End PBXContainerItemProxy section */

/* Begin PBXFileReference section */
		A821CD361B0AF4970053556E /* GameStats.app */ = {isa = PBXFileReference; explicitFileType = wrapper.application; includeInIndex = 0; path = GameStats.app; sourceTree = BUILT_PRODUCTS_DIR; };
		A821CD3A1B0AF4970053556E /* Info.plist */ = {isa = PBXFileReference; lastKnownFileType = text.plist.xml; path = Info.plist; sourceTree = "<group>"; };
		A821CD3B1B0AF4970053556E /* AppDelegate.swift */ = {isa = PBXFileReference; lastKnownFileType = sourcecode.swift; path = AppDelegate.swift; sourceTree = "<group>"; };
		A821CD3D1B0AF4970053556E /* ViewController.swift */ = {isa = PBXFileReference; lastKnownFileType = sourcecode.swift; path = ViewController.swift; sourceTree = "<group>"; };
		A821CD401B0AF4970053556E /* Base */ = {isa = PBXFileReference; lastKnownFileType = file.storyboard; name = Base; path = Base.lproj/Main.storyboard; sourceTree = "<group>"; };
		A821CD421B0AF4970053556E /* Images.xcassets */ = {isa = PBXFileReference; lastKnownFileType = folder.assetcatalog; path = Images.xcassets; sourceTree = "<group>"; };
		A821CD451B0AF4970053556E /* Base */ = {isa = PBXFileReference; lastKnownFileType = file.xib; name = Base; path = Base.lproj/LaunchScreen.xib; sourceTree = "<group>"; };
		A821CD4B1B0AF4970053556E /* GameStatsTests.xctest */ = {isa = PBXFileReference; explicitFileType = wrapper.cfbundle; includeInIndex = 0; path = GameStatsTests.xctest; sourceTree = BUILT_PRODUCTS_DIR; };
		A821CD501B0AF4970053556E /* Info.plist */ = {isa = PBXFileReference; lastKnownFileType = text.plist.xml; path = Info.plist; sourceTree = "<group>"; };
		A821CD511B0AF4970053556E /* GameStatsTests.swift */ = {isa = PBXFileReference; lastKnownFileType = sourcecode.swift; path = GameStatsTests.swift; sourceTree = "<group>"; };
		A821CD5B1B0B0BD90053556E /* Clippers.jpg */ = {isa = PBXFileReference; lastKnownFileType = image.jpeg; name = Clippers.jpg; path = GameStats/Images.xcassets/Clippers.jpg; sourceTree = "<group>"; };
		A821CD5C1B0B0BD90053556E /* Lakers.jpg */ = {isa = PBXFileReference; lastKnownFileType = image.jpeg; name = Lakers.jpg; path = GameStats/Images.xcassets/Lakers.jpg; sourceTree = "<group>"; };
		A8D705BD1B12FC9F00F4E471 /* Bucks.jpg */ = {isa = PBXFileReference; lastKnownFileType = image.jpeg; name = Bucks.jpg; path = GameStats/Images.xcassets/Bucks.jpg; sourceTree = "<group>"; };
		A8D705BE1B12FC9F00F4E471 /* Bulls.jpg */ = {isa = PBXFileReference; lastKnownFileType = image.jpeg; name = Bulls.jpg; path = GameStats/Images.xcassets/Bulls.jpg; sourceTree = "<group>"; };
		A8D705BF1B12FC9F00F4E471 /* Cavaliers.jpg */ = {isa = PBXFileReference; lastKnownFileType = image.jpeg; name = Cavaliers.jpg; path = GameStats/Images.xcassets/Cavaliers.jpg; sourceTree = "<group>"; };
		A8D705C01B12FC9F00F4E471 /* Celtics.jpg */ = {isa = PBXFileReference; lastKnownFileType = image.jpeg; name = Celtics.jpg; path = GameStats/Images.xcassets/Celtics.jpg; sourceTree = "<group>"; };
		A8D705C11B12FC9F00F4E471 /* Grizzlies.jpg */ = {isa = PBXFileReference; lastKnownFileType = image.jpeg; name = Grizzlies.jpg; path = GameStats/Images.xcassets/Grizzlies.jpg; sourceTree = "<group>"; };
		A8D705C21B12FC9F00F4E471 /* Hawks.jpg */ = {isa = PBXFileReference; lastKnownFileType = image.jpeg; name = Hawks.jpg; path = GameStats/Images.xcassets/Hawks.jpg; sourceTree = "<group>"; };
		A8D705C31B12FC9F00F4E471 /* Heat.jpg */ = {isa = PBXFileReference; lastKnownFileType = image.jpeg; name = Heat.jpg; path = GameStats/Images.xcassets/Heat.jpg; sourceTree = "<group>"; };
		A8D705C41B12FC9F00F4E471 /* Hornets.jpg */ = {isa = PBXFileReference; lastKnownFileType = image.jpeg; name = Hornets.jpg; path = GameStats/Images.xcassets/Hornets.jpg; sourceTree = "<group>"; };
		A8D705C51B12FC9F00F4E471 /* Jazz.jpg */ = {isa = PBXFileReference; lastKnownFileType = image.jpeg; name = Jazz.jpg; path = GameStats/Images.xcassets/Jazz.jpg; sourceTree = "<group>"; };
		A8D705C61B12FC9F00F4E471 /* Kings.jpg */ = {isa = PBXFileReference; lastKnownFileType = image.jpeg; name = Kings.jpg; path = GameStats/Images.xcassets/Kings.jpg; sourceTree = "<group>"; };
		A8D705C71B12FC9F00F4E471 /* Knicks.jpg */ = {isa = PBXFileReference; lastKnownFileType = image.jpeg; name = Knicks.jpg; path = GameStats/Images.xcassets/Knicks.jpg; sourceTree = "<group>"; };
		A8D705C81B12FC9F00F4E471 /* Magic.jpg */ = {isa = PBXFileReference; lastKnownFileType = image.jpeg; name = Magic.jpg; path = GameStats/Images.xcassets/Magic.jpg; sourceTree = "<group>"; };
		A8D705C91B12FC9F00F4E471 /* Mavericks.jpg */ = {isa = PBXFileReference; lastKnownFileType = image.jpeg; name = Mavericks.jpg; path = GameStats/Images.xcassets/Mavericks.jpg; sourceTree = "<group>"; };
		A8D705CA1B12FC9F00F4E471 /* Nets.jpg */ = {isa = PBXFileReference; lastKnownFileType = image.jpeg; name = Nets.jpg; path = GameStats/Images.xcassets/Nets.jpg; sourceTree = "<group>"; };
		A8D705CB1B12FC9F00F4E471 /* Nuggets.jpg */ = {isa = PBXFileReference; lastKnownFileType = image.jpeg; name = Nuggets.jpg; path = GameStats/Images.xcassets/Nuggets.jpg; sourceTree = "<group>"; };
		A8D705CC1B12FC9F00F4E471 /* Pacers.jpg */ = {isa = PBXFileReference; lastKnownFileType = image.jpeg; name = Pacers.jpg; path = GameStats/Images.xcassets/Pacers.jpg; sourceTree = "<group>"; };
		A8D705CD1B12FC9F00F4E471 /* Pelicans.jpg */ = {isa = PBXFileReference; lastKnownFileType = image.jpeg; name = Pelicans.jpg; path = GameStats/Images.xcassets/Pelicans.jpg; sourceTree = "<group>"; };
		A8D705CE1B12FC9F00F4E471 /* Pistons.jpg */ = {isa = PBXFileReference; lastKnownFileType = image.jpeg; name = Pistons.jpg; path = GameStats/Images.xcassets/Pistons.jpg; sourceTree = "<group>"; };
		A8D705CF1B12FC9F00F4E471 /* Raptors.jpg */ = {isa = PBXFileReference; lastKnownFileType = image.jpeg; name = Raptors.jpg; path = GameStats/Images.xcassets/Raptors.jpg; sourceTree = "<group>"; };
		A8D705D01B12FC9F00F4E471 /* Rockets.jpg */ = {isa = PBXFileReference; lastKnownFileType = image.jpeg; name = Rockets.jpg; path = GameStats/Images.xcassets/Rockets.jpg; sourceTree = "<group>"; };
		A8D705D11B12FC9F00F4E471 /* Spurs.jpg */ = {isa = PBXFileReference; lastKnownFileType = image.jpeg; name = Spurs.jpg; path = GameStats/Images.xcassets/Spurs.jpg; sourceTree = "<group>"; };
		A8D705D21B12FC9F00F4E471 /* Suns.jpg */ = {isa = PBXFileReference; lastKnownFileType = image.jpeg; name = Suns.jpg; path = GameStats/Images.xcassets/Suns.jpg; sourceTree = "<group>"; };
		A8D705D31B12FC9F00F4E471 /* Thunder.jpg */ = {isa = PBXFileReference; lastKnownFileType = image.jpeg; name = Thunder.jpg; path = GameStats/Images.xcassets/Thunder.jpg; sourceTree = "<group>"; };
		A8D705D41B12FC9F00F4E471 /* Timberwolves.jpg */ = {isa = PBXFileReference; lastKnownFileType = image.jpeg; name = Timberwolves.jpg; path = GameStats/Images.xcassets/Timberwolves.jpg; sourceTree = "<group>"; };
		A8D705D51B12FC9F00F4E471 /* TrailBlazers.jpg */ = {isa = PBXFileReference; lastKnownFileType = image.jpeg; name = TrailBlazers.jpg; path = GameStats/Images.xcassets/TrailBlazers.jpg; sourceTree = "<group>"; };
		A8D705D61B12FC9F00F4E471 /* Warriors.jpg */ = {isa = PBXFileReference; lastKnownFileType = image.jpeg; name = Warriors.jpg; path = GameStats/Images.xcassets/Warriors.jpg; sourceTree = "<group>"; };
		A8D705D71B12FC9F00F4E471 /* Wizards.jpg */ = {isa = PBXFileReference; lastKnownFileType = image.jpeg; name = Wizards.jpg; path = GameStats/Images.xcassets/Wizards.jpg; sourceTree = "<group>"; };
		A8D705F31B12FCBC00F4E471 /* 76ers.jpg */ = {isa = PBXFileReference; lastKnownFileType = image.jpeg; name = 76ers.jpg; path = GameStats/Images.xcassets/76ers.jpg; sourceTree = "<group>"; };
		A8D705F61B137B5800F4E471 /* GameStatsView.swift */ = {isa = PBXFileReference; fileEncoding = 4; lastKnownFileType = sourcecode.swift; path = GameStatsView.swift; sourceTree = "<group>"; };
		A8DC4F8B1B183FA100041484 /* CustomCell.swift */ = {isa = PBXFileReference; fileEncoding = 4; lastKnownFileType = sourcecode.swift; path = CustomCell.swift; sourceTree = "<group>"; };
/* End PBXFileReference section */

/* Begin PBXFrameworksBuildPhase section */
		A821CD331B0AF4960053556E /* Frameworks */ = {
			isa = PBXFrameworksBuildPhase;
			buildActionMask = 2147483647;
			files = (
			);
			runOnlyForDeploymentPostprocessing = 0;
		};
		A821CD481B0AF4970053556E /* Frameworks */ = {
			isa = PBXFrameworksBuildPhase;
			buildActionMask = 2147483647;
			files = (
			);
			runOnlyForDeploymentPostprocessing = 0;
		};
/* End PBXFrameworksBuildPhase section */

/* Begin PBXGroup section */
		A821CD2D1B0AF4960053556E = {
			isa = PBXGroup;
			children = (
				A821CD381B0AF4970053556E /* GameStats */,
				A821CD4E1B0AF4970053556E /* GameStatsTests */,
				A821CD371B0AF4970053556E /* Products */,
				A8D705F51B12FCC700F4E471 /* Images */,
			);
			sourceTree = "<group>";
		};
		A821CD371B0AF4970053556E /* Products */ = {
			isa = PBXGroup;
			children = (
				A821CD361B0AF4970053556E /* GameStats.app */,
				A821CD4B1B0AF4970053556E /* GameStatsTests.xctest */,
			);
			name = Products;
			sourceTree = "<group>";
		};
		A821CD381B0AF4970053556E /* GameStats */ = {
			isa = PBXGroup;
			children = (
				A8DC4F8B1B183FA100041484 /* CustomCell.swift */,
				A8D705F61B137B5800F4E471 /* GameStatsView.swift */,
				A821CD3B1B0AF4970053556E /* AppDelegate.swift */,
				A821CD3D1B0AF4970053556E /* ViewController.swift */,
				A821CD3F1B0AF4970053556E /* Main.storyboard */,
				A821CD421B0AF4970053556E /* Images.xcassets */,
				A821CD441B0AF4970053556E /* LaunchScreen.xib */,
				A821CD391B0AF4970053556E /* Supporting Files */,
			);
			path = GameStats;
			sourceTree = "<group>";
		};
		A821CD391B0AF4970053556E /* Supporting Files */ = {
			isa = PBXGroup;
			children = (
				A821CD3A1B0AF4970053556E /* Info.plist */,
			);
			name = "Supporting Files";
			sourceTree = "<group>";
		};
		A821CD4E1B0AF4970053556E /* GameStatsTests */ = {
			isa = PBXGroup;
			children = (
				A821CD511B0AF4970053556E /* GameStatsTests.swift */,
				A821CD4F1B0AF4970053556E /* Supporting Files */,
			);
			path = GameStatsTests;
			sourceTree = "<group>";
		};
		A821CD4F1B0AF4970053556E /* Supporting Files */ = {
			isa = PBXGroup;
			children = (
				A821CD501B0AF4970053556E /* Info.plist */,
			);
			name = "Supporting Files";
			sourceTree = "<group>";
		};
		A8D705F51B12FCC700F4E471 /* Images */ = {
			isa = PBXGroup;
			children = (
				A8D705F31B12FCBC00F4E471 /* 76ers.jpg */,
				A8D705BD1B12FC9F00F4E471 /* Bucks.jpg */,
				A8D705BE1B12FC9F00F4E471 /* Bulls.jpg */,
				A8D705BF1B12FC9F00F4E471 /* Cavaliers.jpg */,
				A8D705C01B12FC9F00F4E471 /* Celtics.jpg */,
				A8D705C11B12FC9F00F4E471 /* Grizzlies.jpg */,
				A8D705C21B12FC9F00F4E471 /* Hawks.jpg */,
				A8D705C31B12FC9F00F4E471 /* Heat.jpg */,
				A8D705C41B12FC9F00F4E471 /* Hornets.jpg */,
				A8D705C51B12FC9F00F4E471 /* Jazz.jpg */,
				A8D705C61B12FC9F00F4E471 /* Kings.jpg */,
				A8D705C71B12FC9F00F4E471 /* Knicks.jpg */,
				A8D705C81B12FC9F00F4E471 /* Magic.jpg */,
				A8D705C91B12FC9F00F4E471 /* Mavericks.jpg */,
				A8D705CA1B12FC9F00F4E471 /* Nets.jpg */,
				A8D705CB1B12FC9F00F4E471 /* Nuggets.jpg */,
				A8D705CC1B12FC9F00F4E471 /* Pacers.jpg */,
				A8D705CD1B12FC9F00F4E471 /* Pelicans.jpg */,
				A8D705CE1B12FC9F00F4E471 /* Pistons.jpg */,
				A8D705CF1B12FC9F00F4E471 /* Raptors.jpg */,
				A8D705D01B12FC9F00F4E471 /* Rockets.jpg */,
				A8D705D11B12FC9F00F4E471 /* Spurs.jpg */,
				A8D705D21B12FC9F00F4E471 /* Suns.jpg */,
				A8D705D31B12FC9F00F4E471 /* Thunder.jpg */,
				A8D705D41B12FC9F00F4E471 /* Timberwolves.jpg */,
				A8D705D51B12FC9F00F4E471 /* TrailBlazers.jpg */,
				A8D705D61B12FC9F00F4E471 /* Warriors.jpg */,
				A8D705D71B12FC9F00F4E471 /* Wizards.jpg */,
				A821CD5B1B0B0BD90053556E /* Clippers.jpg */,
				A821CD5C1B0B0BD90053556E /* Lakers.jpg */,
			);
			name = Images;
			sourceTree = "<group>";
		};
/* End PBXGroup section */

/* Begin PBXNativeTarget section */
		A821CD351B0AF4960053556E /* GameStats */ = {
			isa = PBXNativeTarget;
			buildConfigurationList = A821CD551B0AF4970053556E /* Build configuration list for PBXNativeTarget "GameStats" */;
			buildPhases = (
				A821CD321B0AF4960053556E /* Sources */,
				A821CD331B0AF4960053556E /* Frameworks */,
				A821CD341B0AF4960053556E /* Resources */,
			);
			buildRules = (
			);
			dependencies = (
			);
			name = GameStats;
			productName = GameStats;
			productReference = A821CD361B0AF4970053556E /* GameStats.app */;
			productType = "com.apple.product-type.application";
		};
		A821CD4A1B0AF4970053556E /* GameStatsTests */ = {
			isa = PBXNativeTarget;
			buildConfigurationList = A821CD581B0AF4970053556E /* Build configuration list for PBXNativeTarget "GameStatsTests" */;
			buildPhases = (
				A821CD471B0AF4970053556E /* Sources */,
				A821CD481B0AF4970053556E /* Frameworks */,
				A821CD491B0AF4970053556E /* Resources */,
			);
			buildRules = (
			);
			dependencies = (
				A821CD4D1B0AF4970053556E /* PBXTargetDependency */,
			);
			name = GameStatsTests;
			productName = GameStatsTests;
			productReference = A821CD4B1B0AF4970053556E /* GameStatsTests.xctest */;
			productType = "com.apple.product-type.bundle.unit-test";
		};
/* End PBXNativeTarget section */

/* Begin PBXProject section */
		A821CD2E1B0AF4960053556E /* Project object */ = {
			isa = PBXProject;
			attributes = {
				LastUpgradeCheck = 0630;
				ORGANIZATIONNAME = "Charlie Buckets";
				TargetAttributes = {
					A821CD351B0AF4960053556E = {
						CreatedOnToolsVersion = 6.3.1;
					};
					A821CD4A1B0AF4970053556E = {
						CreatedOnToolsVersion = 6.3.1;
						TestTargetID = A821CD351B0AF4960053556E;
					};
				};
			};
			buildConfigurationList = A821CD311B0AF4960053556E /* Build configuration list for PBXProject "GameStats" */;
			compatibilityVersion = "Xcode 3.2";
			developmentRegion = English;
			hasScannedForEncodings = 0;
			knownRegions = (
				en,
				Base,
			);
			mainGroup = A821CD2D1B0AF4960053556E;
			productRefGroup = A821CD371B0AF4970053556E /* Products */;
			projectDirPath = "";
			projectRoot = "";
			targets = (
				A821CD351B0AF4960053556E /* GameStats */,
				A821CD4A1B0AF4970053556E /* GameStatsTests */,
			);
		};
/* End PBXProject section */

/* Begin PBXResourcesBuildPhase section */
		A821CD341B0AF4960053556E /* Resources */ = {
			isa = PBXResourcesBuildPhase;
			buildActionMask = 2147483647;
			files = (
				A8D705E31B12FC9F00F4E471 /* Magic.jpg in Resources */,
				A8D705D81B12FC9F00F4E471 /* Bucks.jpg in Resources */,
				A8D705F11B12FC9F00F4E471 /* Warriors.jpg in Resources */,
				A8D705DF1B12FC9F00F4E471 /* Hornets.jpg in Resources */,
				A8D705E91B12FC9F00F4E471 /* Pistons.jpg in Resources */,
				A8D705E41B12FC9F00F4E471 /* Mavericks.jpg in Resources */,
				A8D705EF1B12FC9F00F4E471 /* Timberwolves.jpg in Resources */,
				A8D705E11B12FC9F00F4E471 /* Kings.jpg in Resources */,
				A8D705EB1B12FC9F00F4E471 /* Rockets.jpg in Resources */,
				A8D705E51B12FC9F00F4E471 /* Nets.jpg in Resources */,
				A8D705E81B12FC9F00F4E471 /* Pelicans.jpg in Resources */,
				A821CD5E1B0B0BD90053556E /* Lakers.jpg in Resources */,
				A8D705E61B12FC9F00F4E471 /* Nuggets.jpg in Resources */,
				A821CD411B0AF4970053556E /* Main.storyboard in Resources */,
				A8D705D91B12FC9F00F4E471 /* Bulls.jpg in Resources */,
				A8D705E71B12FC9F00F4E471 /* Pacers.jpg in Resources */,
				A8D705EA1B12FC9F00F4E471 /* Raptors.jpg in Resources */,
				A821CD5D1B0B0BD90053556E /* Clippers.jpg in Resources */,
				A8D705EE1B12FC9F00F4E471 /* Thunder.jpg in Resources */,
				A8D705E01B12FC9F00F4E471 /* Jazz.jpg in Resources */,
				A8D705DE1B12FC9F00F4E471 /* Heat.jpg in Resources */,
				A8D705F01B12FC9F00F4E471 /* TrailBlazers.jpg in Resources */,
				A821CD461B0AF4970053556E /* LaunchScreen.xib in Resources */,
				A8D705DD1B12FC9F00F4E471 /* Hawks.jpg in Resources */,
				A8D705ED1B12FC9F00F4E471 /* Suns.jpg in Resources */,
				A8D705DB1B12FC9F00F4E471 /* Celtics.jpg in Resources */,
				A8D705F41B12FCBC00F4E471 /* 76ers.jpg in Resources */,
				A8D705EC1B12FC9F00F4E471 /* Spurs.jpg in Resources */,
				A8D705E21B12FC9F00F4E471 /* Knicks.jpg in Resources */,
				A8D705DA1B12FC9F00F4E471 /* Cavaliers.jpg in Resources */,
				A821CD431B0AF4970053556E /* Images.xcassets in Resources */,
				A8D705F21B12FC9F00F4E471 /* Wizards.jpg in Resources */,
				A8D705DC1B12FC9F00F4E471 /* Grizzlies.jpg in Resources */,
			);
			runOnlyForDeploymentPostprocessing = 0;
		};
		A821CD491B0AF4970053556E /* Resources */ = {
			isa = PBXResourcesBuildPhase;
			buildActionMask = 2147483647;
			files = (
			);
			runOnlyForDeploymentPostprocessing = 0;
		};
/* End PBXResourcesBuildPhase section */

/* Begin PBXSourcesBuildPhase section */
		A821CD321B0AF4960053556E /* Sources */ = {
			isa = PBXSourcesBuildPhase;
			buildActionMask = 2147483647;
			files = (
				A821CD3E1B0AF4970053556E /* ViewController.swift in Sources */,
				A8D705F71B137B5800F4E471 /* GameStatsView.swift in Sources */,
				A8DC4F8C1B183FA100041484 /* CustomCell.swift in Sources */,
				A821CD3C1B0AF4970053556E /* AppDelegate.swift in Sources */,
			);
			runOnlyForDeploymentPostprocessing = 0;
		};
		A821CD471B0AF4970053556E /* Sources */ = {
			isa = PBXSourcesBuildPhase;
			buildActionMask = 2147483647;
			files = (
				A821CD521B0AF4970053556E /* GameStatsTests.swift in Sources */,
			);
			runOnlyForDeploymentPostprocessing = 0;
		};
/* End PBXSourcesBuildPhase section */

/* Begin PBXTargetDependency section */
		A821CD4D1B0AF4970053556E /* PBXTargetDependency */ = {
			isa = PBXTargetDependency;
			target = A821CD351B0AF4960053556E /* GameStats */;
			targetProxy = A821CD4C1B0AF4970053556E /* PBXContainerItemProxy */;
		};
/* End PBXTargetDependency section */

/* Begin PBXVariantGroup section */
		A821CD3F1B0AF4970053556E /* Main.storyboard */ = {
			isa = PBXVariantGroup;
			children = (
				A821CD401B0AF4970053556E /* Base */,
			);
			name = Main.storyboard;
			sourceTree = "<group>";
		};
		A821CD441B0AF4970053556E /* LaunchScreen.xib */ = {
			isa = PBXVariantGroup;
			children = (
				A821CD451B0AF4970053556E /* Base */,
			);
			name = LaunchScreen.xib;
			sourceTree = "<group>";
		};
/* End PBXVariantGroup section */

/* Begin XCBuildConfiguration section */
		A821CD531B0AF4970053556E /* Debug */ = {
			isa = XCBuildConfiguration;
			buildSettings = {
				ALWAYS_SEARCH_USER_PATHS = NO;
				CLANG_CXX_LANGUAGE_STANDARD = "gnu++0x";
				CLANG_CXX_LIBRARY = "libc++";
				CLANG_ENABLE_MODULES = YES;
				CLANG_ENABLE_OBJC_ARC = YES;
				CLANG_WARN_BOOL_CONVERSION = YES;
				CLANG_WARN_CONSTANT_CONVERSION = YES;
				CLANG_WARN_DIRECT_OBJC_ISA_USAGE = YES_ERROR;
				CLANG_WARN_EMPTY_BODY = YES;
				CLANG_WARN_ENUM_CONVERSION = YES;
				CLANG_WARN_INT_CONVERSION = YES;
				CLANG_WARN_OBJC_ROOT_CLASS = YES_ERROR;
				CLANG_WARN_UNREACHABLE_CODE = YES;
				CLANG_WARN__DUPLICATE_METHOD_MATCH = YES;
				"CODE_SIGN_IDENTITY[sdk=iphoneos*]" = "iPhone Developer";
				COPY_PHASE_STRIP = NO;
				DEBUG_INFORMATION_FORMAT = "dwarf-with-dsym";
				ENABLE_STRICT_OBJC_MSGSEND = YES;
				GCC_C_LANGUAGE_STANDARD = gnu99;
				GCC_DYNAMIC_NO_PIC = NO;
				GCC_NO_COMMON_BLOCKS = YES;
				GCC_OPTIMIZATION_LEVEL = 0;
				GCC_PREPROCESSOR_DEFINITIONS = (
					"DEBUG=1",
					"$(inherited)",
				);
				GCC_SYMBOLS_PRIVATE_EXTERN = NO;
				GCC_WARN_64_TO_32_BIT_CONVERSION = YES;
				GCC_WARN_ABOUT_RETURN_TYPE = YES_ERROR;
				GCC_WARN_UNDECLARED_SELECTOR = YES;
				GCC_WARN_UNINITIALIZED_AUTOS = YES_AGGRESSIVE;
				GCC_WARN_UNUSED_FUNCTION = YES;
				GCC_WARN_UNUSED_VARIABLE = YES;
				IPHONEOS_DEPLOYMENT_TARGET = 8.3;
				MTL_ENABLE_DEBUG_INFO = YES;
				ONLY_ACTIVE_ARCH = YES;
				SDKROOT = iphoneos;
				SWIFT_OPTIMIZATION_LEVEL = "-Onone";
				TARGETED_DEVICE_FAMILY = "1,2";
			};
			name = Debug;
		};
		A821CD541B0AF4970053556E /* Release */ = {
			isa = XCBuildConfiguration;
			buildSettings = {
				ALWAYS_SEARCH_USER_PATHS = NO;
				CLANG_CXX_LANGUAGE_STANDARD = "gnu++0x";
				CLANG_CXX_LIBRARY = "libc++";
				CLANG_ENABLE_MODULES = YES;
				CLANG_ENABLE_OBJC_ARC = YES;
				CLANG_WARN_BOOL_CONVERSION = YES;
				CLANG_WARN_CONSTANT_CONVERSION = YES;
				CLANG_WARN_DIRECT_OBJC_ISA_USAGE = YES_ERROR;
				CLANG_WARN_EMPTY_BODY = YES;
				CLANG_WARN_ENUM_CONVERSION = YES;
				CLANG_WARN_INT_CONVERSION = YES;
				CLANG_WARN_OBJC_ROOT_CLASS = YES_ERROR;
				CLANG_WARN_UNREACHABLE_CODE = YES;
				CLANG_WARN__DUPLICATE_METHOD_MATCH = YES;
				"CODE_SIGN_IDENTITY[sdk=iphoneos*]" = "iPhone Developer";
				COPY_PHASE_STRIP = NO;
				DEBUG_INFORMATION_FORMAT = "dwarf-with-dsym";
				ENABLE_NS_ASSERTIONS = NO;
				ENABLE_STRICT_OBJC_MSGSEND = YES;
				GCC_C_LANGUAGE_STANDARD = gnu99;
				GCC_NO_COMMON_BLOCKS = YES;
				GCC_WARN_64_TO_32_BIT_CONVERSION = YES;
				GCC_WARN_ABOUT_RETURN_TYPE = YES_ERROR;
				GCC_WARN_UNDECLARED_SELECTOR = YES;
				GCC_WARN_UNINITIALIZED_AUTOS = YES_AGGRESSIVE;
				GCC_WARN_UNUSED_FUNCTION = YES;
				GCC_WARN_UNUSED_VARIABLE = YES;
				IPHONEOS_DEPLOYMENT_TARGET = 8.3;
				MTL_ENABLE_DEBUG_INFO = NO;
				SDKROOT = iphoneos;
				TARGETED_DEVICE_FAMILY = "1,2";
				VALIDATE_PRODUCT = YES;
			};
			name = Release;
		};
		A821CD561B0AF4970053556E /* Debug */ = {
			isa = XCBuildConfiguration;
			buildSettings = {
				ASSETCATALOG_COMPILER_APPICON_NAME = AppIcon;
				INFOPLIST_FILE = GameStats/Info.plist;
				LD_RUNPATH_SEARCH_PATHS = "$(inherited) @executable_path/Frameworks";
				PRODUCT_NAME = "$(TARGET_NAME)";
			};
			name = Debug;
		};
		A821CD571B0AF4970053556E /* Release */ = {
			isa = XCBuildConfiguration;
			buildSettings = {
				ASSETCATALOG_COMPILER_APPICON_NAME = AppIcon;
				INFOPLIST_FILE = GameStats/Info.plist;
				LD_RUNPATH_SEARCH_PATHS = "$(inherited) @executable_path/Frameworks";
				PRODUCT_NAME = "$(TARGET_NAME)";
			};
			name = Release;
		};
		A821CD591B0AF4970053556E /* Debug */ = {
			isa = XCBuildConfiguration;
			buildSettings = {
				BUNDLE_LOADER = "$(TEST_HOST)";
				FRAMEWORK_SEARCH_PATHS = (
					"$(SDKROOT)/Developer/Library/Frameworks",
					"$(inherited)",
				);
				GCC_PREPROCESSOR_DEFINITIONS = (
					"DEBUG=1",
					"$(inherited)",
				);
				INFOPLIST_FILE = GameStatsTests/Info.plist;
				LD_RUNPATH_SEARCH_PATHS = "$(inherited) @executable_path/Frameworks @loader_path/Frameworks";
				PRODUCT_NAME = "$(TARGET_NAME)";
				TEST_HOST = "$(BUILT_PRODUCTS_DIR)/GameStats.app/GameStats";
			};
			name = Debug;
		};
		A821CD5A1B0AF4970053556E /* Release */ = {
			isa = XCBuildConfiguration;
			buildSettings = {
				BUNDLE_LOADER = "$(TEST_HOST)";
				FRAMEWORK_SEARCH_PATHS = (
					"$(SDKROOT)/Developer/Library/Frameworks",
					"$(inherited)",
				);
				INFOPLIST_FILE = GameStatsTests/Info.plist;
				LD_RUNPATH_SEARCH_PATHS = "$(inherited) @executable_path/Frameworks @loader_path/Frameworks";
				PRODUCT_NAME = "$(TARGET_NAME)";
				TEST_HOST = "$(BUILT_PRODUCTS_DIR)/GameStats.app/GameStats";
			};
			name = Release;
		};
/* End XCBuildConfiguration section */

/* Begin XCConfigurationList section */
		A821CD311B0AF4960053556E /* Build configuration list for PBXProject "GameStats" */ = {
			isa = XCConfigurationList;
			buildConfigurations = (
				A821CD531B0AF4970053556E /* Debug */,
				A821CD541B0AF4970053556E /* Release */,
			);
			defaultConfigurationIsVisible = 0;
			defaultConfigurationName = Release;
		};
		A821CD551B0AF4970053556E /* Build configuration list for PBXNativeTarget "GameStats" */ = {
			isa = XCConfigurationList;
			buildConfigurations = (
				A821CD561B0AF4970053556E /* Debug */,
				A821CD571B0AF4970053556E /* Release */,
			);
			defaultConfigurationIsVisible = 0;
			defaultConfigurationName = Release;
		};
		A821CD581B0AF4970053556E /* Build configuration list for PBXNativeTarget "GameStatsTests" */ = {
			isa = XCConfigurationList;
			buildConfigurations = (
				A821CD591B0AF4970053556E /* Debug */,
				A821CD5A1B0AF4970053556E /* Release */,
			);
			defaultConfigurationIsVisible = 0;
			defaultConfigurationName = Release;
		};
/* End XCConfigurationList section */
	};
	rootObject = A821CD2E1B0AF4960053556E /* Project object */;
}
